
Microsoft Visual Studio Solution File, Format Version 12.00
# Visual Studio 2012
VisualStudioVersion = 14.0.25123.0
MinimumVisualStudioVersion = 10.0.40219.1
Project("{FAE04EC0-301F-11D3-BF4B-00C04F79EFBC}") = "Eto.Gl.Gtk2", "Eto.Gl.Gtk2\Eto.Gl.Gtk2.csproj", "{06F7AC59-0E70-4646-BBFA-C105D9664FD0}"
EndProject
Project("{FAE04EC0-301F-11D3-BF4B-00C04F79EFBC}") = "Eto.Gl.WinForms", "Eto.Gl.WinForms\Eto.Gl.WinForms.csproj", "{A0DCCC13-936C-4D5A-AD8C-ADFF75816A8F}"
EndProject
Project("{FAE04EC0-301F-11D3-BF4B-00C04F79EFBC}") = "Eto.Gl.Mac", "Eto.Gl.Mac\Eto.Gl.Mac.csproj", "{C6D7920E-3FB5-4DAD-80F1-2B76158D493F}"
EndProject
Project("{FAE04EC0-301F-11D3-BF4B-00C04F79EFBC}") = "TestEtoGl.Mac", "TestEtoGl.Mac\TestEtoGl.Mac.csproj", "{D7CEAEBF-7F61-4220-9920-61FDA4B1470F}"
EndProject
Project("{FAE04EC0-301F-11D3-BF4B-00C04F79EFBC}") = "TestEtoGl", "TestEtoGl\TestEtoGl.csproj", "{66C691D6-557F-4477-BF96-FA5BC92C715B}"
EndProject
Project("{FAE04EC0-301F-11D3-BF4B-00C04F79EFBC}") = "TestEtoGl.WinForms", "TestEtoGl.WinForms\TestEtoGl.WinForms.csproj", "{2A29DA7C-7CB0-458A-9EA8-85811AD952E1}"
EndProject
Project("{FAE04EC0-301F-11D3-BF4B-00C04F79EFBC}") = "TestEtoGl.XamMac", "TestEtoGl.XamMac\TestEtoGl.XamMac.csproj", "{E201F515-1163-401A-ABC0-17A0E6A85764}"
EndProject
Project("{FAE04EC0-301F-11D3-BF4B-00C04F79EFBC}") = "Eto.Gl.XamMac", "Eto.Gl.XamMac\Eto.Gl.XamMac.csproj", "{D260DEBB-3D35-46A4-AB23-F2A19CC10E28}"
EndProject
Project("{FAE04EC0-301F-11D3-BF4B-00C04F79EFBC}") = "Eto.Gl", "Eto.Gl\Eto.Gl.csproj", "{510CE98D-2169-48A0-889C-E743417EE5E1}"
EndProject
Project("{FAE04EC0-301F-11D3-BF4B-00C04F79EFBC}") = "TestEtoGl.Gtk2", "TestEtoGl.Gtk2\TestEtoGl.Gtk2.csproj", "{02F28D06-103A-4800-9E40-E9717D77449F}"
EndProject
Global
	GlobalSection(SolutionConfigurationPlatforms) = preSolution
		Debug|Any CPU = Debug|Any CPU
		Release|Any CPU = Release|Any CPU
	EndGlobalSection
	GlobalSection(ProjectConfigurationPlatforms) = postSolution
		{02F28D06-103A-4800-9E40-E9717D77449F}.Debug|Any CPU.ActiveCfg = Debug|Any CPU
		{02F28D06-103A-4800-9E40-E9717D77449F}.Debug|Any CPU.Build.0 = Debug|Any CPU
		{02F28D06-103A-4800-9E40-E9717D77449F}.Release|Any CPU.ActiveCfg = Release|Any CPU
		{02F28D06-103A-4800-9E40-E9717D77449F}.Release|Any CPU.Build.0 = Release|Any CPU
		{06F7AC59-0E70-4646-BBFA-C105D9664FD0}.Debug|Any CPU.ActiveCfg = Debug|Any CPU
		{06F7AC59-0E70-4646-BBFA-C105D9664FD0}.Debug|Any CPU.Build.0 = Debug|Any CPU
		{06F7AC59-0E70-4646-BBFA-C105D9664FD0}.Release|Any CPU.ActiveCfg = Release|Any CPU
		{06F7AC59-0E70-4646-BBFA-C105D9664FD0}.Release|Any CPU.Build.0 = Release|Any CPU
		{2A29DA7C-7CB0-458A-9EA8-85811AD952E1}.Debug|Any CPU.ActiveCfg = Debug|Any CPU
		{2A29DA7C-7CB0-458A-9EA8-85811AD952E1}.Debug|Any CPU.Build.0 = Debug|Any CPU
		{2A29DA7C-7CB0-458A-9EA8-85811AD952E1}.Release|Any CPU.ActiveCfg = Release|Any CPU
		{2A29DA7C-7CB0-458A-9EA8-85811AD952E1}.Release|Any CPU.Build.0 = Release|Any CPU
		{510CE98D-2169-48A0-889C-E743417EE5E1}.Debug|Any CPU.ActiveCfg = Debug|Any CPU
		{510CE98D-2169-48A0-889C-E743417EE5E1}.Debug|Any CPU.Build.0 = Debug|Any CPU
		{510CE98D-2169-48A0-889C-E743417EE5E1}.Release|Any CPU.ActiveCfg = Release|Any CPU
		{510CE98D-2169-48A0-889C-E743417EE5E1}.Release|Any CPU.Build.0 = Release|Any CPU
		{66C691D6-557F-4477-BF96-FA5BC92C715B}.Debug|Any CPU.ActiveCfg = Debug|Any CPU
		{66C691D6-557F-4477-BF96-FA5BC92C715B}.Debug|Any CPU.Build.0 = Debug|Any CPU
		{66C691D6-557F-4477-BF96-FA5BC92C715B}.Release|Any CPU.ActiveCfg = Release|Any CPU
		{66C691D6-557F-4477-BF96-FA5BC92C715B}.Release|Any CPU.Build.0 = Release|Any CPU
		{A0DCCC13-936C-4D5A-AD8C-ADFF75816A8F}.Debug|Any CPU.ActiveCfg = Debug|Any CPU
		{A0DCCC13-936C-4D5A-AD8C-ADFF75816A8F}.Debug|Any CPU.Build.0 = Debug|Any CPU
		{A0DCCC13-936C-4D5A-AD8C-ADFF75816A8F}.Release|Any CPU.ActiveCfg = Release|Any CPU
		{A0DCCC13-936C-4D5A-AD8C-ADFF75816A8F}.Release|Any CPU.Build.0 = Release|Any CPU
		{C6D7920E-3FB5-4DAD-80F1-2B76158D493F}.Debug|Any CPU.ActiveCfg = Debug|Any CPU
		{C6D7920E-3FB5-4DAD-80F1-2B76158D493F}.Debug|Any CPU.Build.0 = Debug|Any CPU
		{C6D7920E-3FB5-4DAD-80F1-2B76158D493F}.Release|Any CPU.ActiveCfg = Release|Any CPU
		{C6D7920E-3FB5-4DAD-80F1-2B76158D493F}.Release|Any CPU.Build.0 = Release|Any CPU
		{D260DEBB-3D35-46A4-AB23-F2A19CC10E28}.Debug|Any CPU.ActiveCfg = Debug|Any CPU
		{D260DEBB-3D35-46A4-AB23-F2A19CC10E28}.Debug|Any CPU.Build.0 = Debug|Any CPU
		{D260DEBB-3D35-46A4-AB23-F2A19CC10E28}.Release|Any CPU.ActiveCfg = Release|Any CPU
		{D260DEBB-3D35-46A4-AB23-F2A19CC10E28}.Release|Any CPU.Build.0 = Release|Any CPU
		{D7CEAEBF-7F61-4220-9920-61FDA4B1470F}.Debug|Any CPU.ActiveCfg = Debug|Any CPU
		{D7CEAEBF-7F61-4220-9920-61FDA4B1470F}.Debug|Any CPU.Build.0 = Debug|Any CPU
		{D7CEAEBF-7F61-4220-9920-61FDA4B1470F}.Release|Any CPU.ActiveCfg = Release|Any CPU
		{D7CEAEBF-7F61-4220-9920-61FDA4B1470F}.Release|Any CPU.Build.0 = Release|Any CPU
		{E201F515-1163-401A-ABC0-17A0E6A85764}.Debug|Any CPU.ActiveCfg = Debug|Any CPU
		{E201F515-1163-401A-ABC0-17A0E6A85764}.Debug|Any CPU.Build.0 = Debug|Any CPU
		{E201F515-1163-401A-ABC0-17A0E6A85764}.Release|Any CPU.ActiveCfg = Release|Any CPU
		{E201F515-1163-401A-ABC0-17A0E6A85764}.Release|Any CPU.Build.0 = Release|Any CPU
	EndGlobalSection
	GlobalSection(MonoDevelopProperties) = preSolution
		Policies = $0
		$0.TextStylePolicy = $1
		$1.FileWidth = 120
		$1.TabsToSpaces = False
		$1.inheritsSet = VisualStudio
		$1.inheritsScope = text/plain
		version = 0.24
		StartupItem = SharpFlame.Gui.Linux\SharpFlame.Gui.Linux.csproj
	EndGlobalSection
	GlobalSection(SolutionProperties) = preSolution
		HideSolutionNode = FALSE
	EndGlobalSection
EndGlobal
