
Microsoft Visual Studio Solution File, Format Version 12.00
# Visual Studio 14
VisualStudioVersion = 14.0.25123.0
MinimumVisualStudioVersion = 10.0.40219.1
Project("{FAE04EC0-301F-11D3-BF4B-00C04F79EFBC}") = "etoViewport_2015", "etoViewport_2015\etoViewport_2015.csproj", "{3F99D275-2B78-46D1-AB43-324680BB445F}"
EndProject
Project("{FAE04EC0-301F-11D3-BF4B-00C04F79EFBC}") = "etoViewport_demo_win", "etoViewport_demo_win\etoViewport_demo_win.csproj", "{A0A388FB-5C19-479E-A7DE-F3488D65067A}"
EndProject
Project("{FAE04EC0-301F-11D3-BF4B-00C04F79EFBC}") = "Eto.Gl", "Eto.Gl\Eto.Gl.csproj", "{510CE98D-2169-48A0-889C-E743417EE5E1}"
EndProject
Project("{FAE04EC0-301F-11D3-BF4B-00C04F79EFBC}") = "Eto.Gl.Windows", "Eto.Gl.Windows\Eto.Gl.Windows.csproj", "{A0DCCC13-936C-4D5A-AD8C-ADFF75816A8F}"
EndProject
Global
	GlobalSection(SolutionConfigurationPlatforms) = preSolution
		Debug|Any CPU = Debug|Any CPU
		Release|Any CPU = Release|Any CPU
	EndGlobalSection
	GlobalSection(ProjectConfigurationPlatforms) = postSolution
		{3F99D275-2B78-46D1-AB43-324680BB445F}.Debug|Any CPU.ActiveCfg = Debug|Any CPU
		{3F99D275-2B78-46D1-AB43-324680BB445F}.Debug|Any CPU.Build.0 = Debug|Any CPU
		{3F99D275-2B78-46D1-AB43-324680BB445F}.Release|Any CPU.ActiveCfg = Release|Any CPU
		{3F99D275-2B78-46D1-AB43-324680BB445F}.Release|Any CPU.Build.0 = Release|Any CPU
		{A0A388FB-5C19-479E-A7DE-F3488D65067A}.Debug|Any CPU.ActiveCfg = Debug|Any CPU
		{A0A388FB-5C19-479E-A7DE-F3488D65067A}.Debug|Any CPU.Build.0 = Debug|Any CPU
		{A0A388FB-5C19-479E-A7DE-F3488D65067A}.Release|Any CPU.ActiveCfg = Release|Any CPU
		{A0A388FB-5C19-479E-A7DE-F3488D65067A}.Release|Any CPU.Build.0 = Release|Any CPU
		{510CE98D-2169-48A0-889C-E743417EE5E1}.Debug|Any CPU.ActiveCfg = Debug|Any CPU
		{510CE98D-2169-48A0-889C-E743417EE5E1}.Debug|Any CPU.Build.0 = Debug|Any CPU
		{510CE98D-2169-48A0-889C-E743417EE5E1}.Release|Any CPU.ActiveCfg = Release|Any CPU
		{510CE98D-2169-48A0-889C-E743417EE5E1}.Release|Any CPU.Build.0 = Release|Any CPU
		{A0DCCC13-936C-4D5A-AD8C-ADFF75816A8F}.Debug|Any CPU.ActiveCfg = Debug|Any CPU
		{A0DCCC13-936C-4D5A-AD8C-ADFF75816A8F}.Debug|Any CPU.Build.0 = Debug|Any CPU
		{A0DCCC13-936C-4D5A-AD8C-ADFF75816A8F}.Release|Any CPU.ActiveCfg = Release|Any CPU
		{A0DCCC13-936C-4D5A-AD8C-ADFF75816A8F}.Release|Any CPU.Build.0 = Release|Any CPU
	EndGlobalSection
	GlobalSection(SolutionProperties) = preSolution
		HideSolutionNode = FALSE
	EndGlobalSection
EndGlobal
